
Microsoft Visual Studio Solution File, Format Version 12.00
# Visual Studio Version 16
VisualStudioVersion = 16.0.30128.74
MinimumVisualStudioVersion = 10.0.40219.1
Project("{FAE04EC0-301F-11D3-BF4B-00C04F79EFBC}") = "PolizaAPI", "PolizaAPI\PolizaAPI.csproj", "{21A0361F-DE61-4B54-AE19-B582E54B3160}"
EndProject
Global
	GlobalSection(SolutionConfigurationPlatforms) = preSolution
		Debug|Any CPU = Debug|Any CPU
		Release|Any CPU = Release|Any CPU
	EndGlobalSection
	GlobalSection(ProjectConfigurationPlatforms) = postSolution
		{21A0361F-DE61-4B54-AE19-B582E54B3160}.Debug|Any CPU.ActiveCfg = Debug|Any CPU
		{21A0361F-DE61-4B54-AE19-B582E54B3160}.Debug|Any CPU.Build.0 = Debug|Any CPU
		{21A0361F-DE61-4B54-AE19-B582E54B3160}.Release|Any CPU.ActiveCfg = Release|Any CPU
		{21A0361F-DE61-4B54-AE19-B582E54B3160}.Release|Any CPU.Build.0 = Release|Any CPU
	EndGlobalSection
	GlobalSection(SolutionProperties) = preSolution
		HideSolutionNode = FALSE
	EndGlobalSection
	GlobalSection(ExtensibilityGlobals) = postSolution
		SolutionGuid = {B2FB27F9-8B8F-4DDB-8A8B-61218050AE2F}
	EndGlobalSection
EndGlobal
